
Microsoft Visual Studio Solution File, Format Version 12.00
# Visual Studio Version 16
VisualStudioVersion = 16.0.29911.84
MinimumVisualStudioVersion = 10.0.40219.1
Project("{FAE04EC0-301F-11D3-BF4B-00C04F79EFBC}") = "TestJenkines", "TestJenkines\TestJenkines.csproj", "{E772210C-E757-492B-B3AE-2BF30050A8A5}"
EndProject
Global
	GlobalSection(SolutionConfigurationPlatforms) = preSolution
		Debug|Any CPU = Debug|Any CPU
		Release|Any CPU = Release|Any CPU
	EndGlobalSection
	GlobalSection(ProjectConfigurationPlatforms) = postSolution
		{E772210C-E757-492B-B3AE-2BF30050A8A5}.Debug|Any CPU.ActiveCfg = Debug|Any CPU
		{E772210C-E757-492B-B3AE-2BF30050A8A5}.Debug|Any CPU.Build.0 = Debug|Any CPU
		{E772210C-E757-492B-B3AE-2BF30050A8A5}.Release|Any CPU.ActiveCfg = Release|Any CPU
		{E772210C-E757-492B-B3AE-2BF30050A8A5}.Release|Any CPU.Build.0 = Release|Any CPU
	EndGlobalSection
	GlobalSection(SolutionProperties) = preSolution
		HideSolutionNode = FALSE
	EndGlobalSection
	GlobalSection(ExtensibilityGlobals) = postSolution
		SolutionGuid = {CF289B73-38A8-4561-9877-A64509EA8EE8}
	EndGlobalSection
EndGlobal
